
Microsoft Visual Studio Solution File, Format Version 12.00
# Visual Studio Version 17
VisualStudioVersion = 17.9.34728.123
MinimumVisualStudioVersion = 10.0.40219.1
Project("{FAE04EC0-301F-11D3-BF4B-00C04F79EFBC}") = "JourneyItMVC", "JourneyItMVC\JourneyItMVC.csproj", "{09844FF7-A927-4D44-B12C-B0484532C7B1}"
EndProject
Global
	GlobalSection(SolutionConfigurationPlatforms) = preSolution
		Debug|Any CPU = Debug|Any CPU
		Release|Any CPU = Release|Any CPU
	EndGlobalSection
	GlobalSection(ProjectConfigurationPlatforms) = postSolution
		{09844FF7-A927-4D44-B12C-B0484532C7B1}.Debug|Any CPU.ActiveCfg = Debug|Any CPU
		{09844FF7-A927-4D44-B12C-B0484532C7B1}.Debug|Any CPU.Build.0 = Debug|Any CPU
		{09844FF7-A927-4D44-B12C-B0484532C7B1}.Release|Any CPU.ActiveCfg = Release|Any CPU
		{09844FF7-A927-4D44-B12C-B0484532C7B1}.Release|Any CPU.Build.0 = Release|Any CPU
	EndGlobalSection
	GlobalSection(SolutionProperties) = preSolution
		HideSolutionNode = FALSE
	EndGlobalSection
	GlobalSection(ExtensibilityGlobals) = postSolution
		SolutionGuid = {39E58646-F5B9-4BF5-99B9-BFA2FBF27EEA}
	EndGlobalSection
EndGlobal
